<?xml version="1.0" encoding="utf-8"?>
<Project ToolsVersion="4.0" xmlns="http://schemas.microsoft.com/developer/msbuild/2003">
  <ItemGroup>
    <Filter Include="Source Files">
      <UniqueIdentifier>{4FC737F1-C7A5-4376-A066-2A32D752A2FF}</UniqueIdentifier>
      <Extensions>cpp;c;cc;cxx;c++;cppm;ixx;def;odl;idl;hpj;bat;asm;asmx</Extensions>
    </Filter>
    <Filter Include="Header Files">
      <UniqueIdentifier>{93995380-89BD-4b04-88EB-625FBE52EBFB}</UniqueIdentifier>
      <Extensions>h;hh;hpp;hxx;h++;hm;inl;inc;ipp;xsd</Extensions>
    </Filter>
    <Filter Include="Resource Files">
      <UniqueIdentifier>{67DA6AB6-F800-4c08-8B7A-83BB121AAD01}</UniqueIdentifier>
      <Extensions>rc;ico;cur;bmp;dlg;rc2;rct;bin;rgs;gif;jpg;jpeg;jpe;resx;tiff;tif;png;wav;mfcribbon-ms</Extensions>
    </Filter>
  </ItemGroup>
  <ItemGroup>
    <ClCompile Include="src\ac.cpp">
      <Filter>Source Files</Filter>
    </ClCompile>
    <ClCompile Include="src\account.cpp">
      <Filter>Source Files</Filter>
    </ClCompile>
    <ClCompile Include="src\admin.cpp">
      <Filter>Source Files</Filter>
    </ClCompile>
    <ClCompile Include="src\device.cpp">
      <Filter>Source Files</Filter>
    </ClCompile>
    <ClCompile Include="src\deviceType.cpp">
      <Filter>Source Files</Filter>
    </ClCompile>
    <ClCompile Include="src\deviceTypeSupplier.cpp">
      <Filter>Source Files</Filter>
    </ClCompile>
    <ClCompile Include="src\deviceTypeWorker.cpp">
      <Filter>Source Files</Filter>
    </ClCompile>
    <ClCompile Include="src\doorLock.cpp">
      <Filter>Source Files</Filter>
    </ClCompile>
    <ClCompile Include="src\energyUsage.cpp">
      <Filter>Source Files</Filter>
    </ClCompile>
    <ClCompile Include="src\fan.cpp">
      <Filter>Source Files</Filter>
    </ClCompile>
    <ClCompile Include="src\heater.cpp">
      <Filter>Source Files</Filter>
    </ClCompile>
    <ClCompile Include="src\home.cpp">
      <Filter>Source Files</Filter>
    </ClCompile>
    <ClCompile Include="src\inventory.cpp">
      <Filter>Source Files</Filter>
    </ClCompile>
    <ClCompile Include="src\light.cpp">
      <Filter>Source Files</Filter>
    </ClCompile>
    <ClCompile Include="src\Mystr.cpp">
      <Filter>Source Files</Filter>
    </ClCompile>
    <ClCompile Include="src\room.cpp">
      <Filter>Source Files</Filter>
    </ClCompile>
    <ClCompile Include="src\supplier.cpp">
      <Filter>Source Files</Filter>
    </ClCompile>
    <ClCompile Include="src\user.cpp">
      <Filter>Source Files</Filter>
    </ClCompile>
    <ClCompile Include="src\warehouse.cpp">
      <Filter>Source Files</Filter>
    </ClCompile>
    <ClCompile Include="src\wifi.cpp">
      <Filter>Source Files</Filter>
    </ClCompile>
    <ClCompile Include="src\windowLock.cpp">
      <Filter>Source Files</Filter>
    </ClCompile>
    <ClCompile Include="src\worker.cpp">
      <Filter>Source Files</Filter>
    </ClCompile>
    <ClCompile Include="main.cpp">
      <Filter>Source Files</Filter>
    </ClCompile>
  </ItemGroup>
  <ItemGroup>
    <ClInclude Include="include\ac.h">
      <Filter>Header Files</Filter>
    </ClInclude>
    <ClInclude Include="include\account.h">
      <Filter>Header Files</Filter>
    </ClInclude>
    <ClInclude Include="include\admin.h">
      <Filter>Header Files</Filter>
    </ClInclude>
    <ClInclude Include="include\device.h">
      <Filter>Header Files</Filter>
    </ClInclude>
    <ClInclude Include="include\deviceType.h">
      <Filter>Header Files</Filter>
    </ClInclude>
    <ClInclude Include="include\deviceTypeSupplier.h">
      <Filter>Header Files</Filter>
    </ClInclude>
    <ClInclude Include="include\deviceTypeWorker.h">
      <Filter>Header Files</Filter>
    </ClInclude>
    <ClInclude Include="include\doorLock.h">
      <Filter>Header Files</Filter>
    </ClInclude>
    <ClInclude Include="include\energyUsage.h">
      <Filter>Header Files</Filter>
    </ClInclude>
    <ClInclude Include="include\fan.h">
      <Filter>Header Files</Filter>
    </ClInclude>
    <ClInclude Include="include\heater.h">
      <Filter>Header Files</Filter>
    </ClInclude>
    <ClInclude Include="include\home.h">
      <Filter>Header Files</Filter>
    </ClInclude>
    <ClInclude Include="include\inventory.h">
      <Filter>Header Files</Filter>
    </ClInclude>
    <ClInclude Include="include\light.h">
      <Filter>Header Files</Filter>
    </ClInclude>
    <ClInclude Include="include\room.h">
      <Filter>Header Files</Filter>
    </ClInclude>
    <ClInclude Include="include\supplier.h">
      <Filter>Header Files</Filter>
    </ClInclude>
    <ClInclude Include="include\user.h">
      <Filter>Header Files</Filter>
    </ClInclude>
    <ClInclude Include="include\warehouse.h">
      <Filter>Header Files</Filter>
    </ClInclude>
    <ClInclude Include="include\wifi.h">
      <Filter>Header Files</Filter>
    </ClInclude>
    <ClInclude Include="include\windowLock.h">
      <Filter>Header Files</Filter>
    </ClInclude>
    <ClInclude Include="include\worker.h">
      <Filter>Header Files</Filter>
    </ClInclude>
    <ClInclude Include="src\json.hpp">
      <Filter>Source Files</Filter>
    </ClInclude>
  </ItemGroup>
  <ItemGroup>
    <None Include="frontend\admindashboard.html">
      <Filter>Source Files</Filter>
    </None>
    <None Include="frontend\device_energy.html">
      <Filter>Source Files</Filter>
    </None>
    <None Include="frontend\home.html">
      <Filter>Source Files</Filter>
    </None>
    <None Include="frontend\login.html">
      <Filter>Source Files</Filter>
    </None>
    <None Include="frontend\room.html">
      <Filter>Source Files</Filter>
    </None>
    <None Include="frontend\user.html">
      <Filter>Source Files</Filter>
    </None>
    <None Include="frontend\userdashboard.html">
      <Filter>Source Files</Filter>
    </None>
    <None Include="frontend\userhome.html">
      <Filter>Source Files</Filter>
    </None>
    <None Include="frontend\userroom.html">
      <Filter>Source Files</Filter>
    </None>
    <None Include="frontend\warehouse.html">
      <Filter>Source Files</Filter>
    </None>
  </ItemGroup>
</Project>